
Microsoft Visual Studio Solution File, Format Version 12.00
# Visual Studio Version 17
VisualStudioVersion = 17.9.34728.123
MinimumVisualStudioVersion = 10.0.40219.1
Project("{FAE04EC0-301F-11D3-BF4B-00C04F79EFBC}") = "Практика_Нечеухин", "Практика_Нечеухин\Практика_Нечеухин.csproj", "{DA91CEB6-1C1C-42B9-9E79-279CE099C6D9}"
EndProject
Project("{FAE04EC0-301F-11D3-BF4B-00C04F79EFBC}") = "DatabaseController", "DatabaseController\DatabaseController.csproj", "{DD46EEC0-561D-415B-AB57-58B957F87DAA}"
EndProject
Project("{FAE04EC0-301F-11D3-BF4B-00C04F79EFBC}") = "UnitTestProject1", "UnitTestProject1\UnitTestProject1.csproj", "{130EC8C7-93E6-4E5D-A595-525AFAB4A8DB}"
EndProject
Global
	GlobalSection(SolutionConfigurationPlatforms) = preSolution
		Debug|Any CPU = Debug|Any CPU
		Release|Any CPU = Release|Any CPU
	EndGlobalSection
	GlobalSection(ProjectConfigurationPlatforms) = postSolution
		{DA91CEB6-1C1C-42B9-9E79-279CE099C6D9}.Debug|Any CPU.ActiveCfg = Debug|Any CPU
		{DA91CEB6-1C1C-42B9-9E79-279CE099C6D9}.Debug|Any CPU.Build.0 = Debug|Any CPU
		{DA91CEB6-1C1C-42B9-9E79-279CE099C6D9}.Release|Any CPU.ActiveCfg = Release|Any CPU
		{DA91CEB6-1C1C-42B9-9E79-279CE099C6D9}.Release|Any CPU.Build.0 = Release|Any CPU
		{DD46EEC0-561D-415B-AB57-58B957F87DAA}.Debug|Any CPU.ActiveCfg = Debug|Any CPU
		{DD46EEC0-561D-415B-AB57-58B957F87DAA}.Debug|Any CPU.Build.0 = Debug|Any CPU
		{DD46EEC0-561D-415B-AB57-58B957F87DAA}.Release|Any CPU.ActiveCfg = Release|Any CPU
		{DD46EEC0-561D-415B-AB57-58B957F87DAA}.Release|Any CPU.Build.0 = Release|Any CPU
		{130EC8C7-93E6-4E5D-A595-525AFAB4A8DB}.Debug|Any CPU.ActiveCfg = Debug|Any CPU
		{130EC8C7-93E6-4E5D-A595-525AFAB4A8DB}.Debug|Any CPU.Build.0 = Debug|Any CPU
		{130EC8C7-93E6-4E5D-A595-525AFAB4A8DB}.Release|Any CPU.ActiveCfg = Release|Any CPU
		{130EC8C7-93E6-4E5D-A595-525AFAB4A8DB}.Release|Any CPU.Build.0 = Release|Any CPU
	EndGlobalSection
	GlobalSection(SolutionProperties) = preSolution
		HideSolutionNode = FALSE
	EndGlobalSection
	GlobalSection(ExtensibilityGlobals) = postSolution
		SolutionGuid = {2EED9A67-FD24-48CE-BCD9-5BFD79D039A3}
	EndGlobalSection
EndGlobal
